
Microsoft Visual Studio Solution File, Format Version 12.00
# Visual Studio Version 16
VisualStudioVersion = 16.0.31702.278
MinimumVisualStudioVersion = 10.0.40219.1
Project("{FAE04EC0-301F-11D3-BF4B-00C04F79EFBC}") = "Click button", "Click button.csproj", "{116462EC-97CE-4E56-9680-70645E8EFE56}"
EndProject
Global
	GlobalSection(SolutionConfigurationPlatforms) = preSolution
		Debug|Any CPU = Debug|Any CPU
		Release|Any CPU = Release|Any CPU
	EndGlobalSection
	GlobalSection(ProjectConfigurationPlatforms) = postSolution
		{116462EC-97CE-4E56-9680-70645E8EFE56}.Debug|Any CPU.ActiveCfg = Debug|Any CPU
		{116462EC-97CE-4E56-9680-70645E8EFE56}.Debug|Any CPU.Build.0 = Debug|Any CPU
		{116462EC-97CE-4E56-9680-70645E8EFE56}.Release|Any CPU.ActiveCfg = Release|Any CPU
		{116462EC-97CE-4E56-9680-70645E8EFE56}.Release|Any CPU.Build.0 = Release|Any CPU
	EndGlobalSection
	GlobalSection(SolutionProperties) = preSolution
		HideSolutionNode = FALSE
	EndGlobalSection
	GlobalSection(ExtensibilityGlobals) = postSolution
		SolutionGuid = {8A75ED36-CA62-439C-BD63-1734DC3ECEF0}
	EndGlobalSection
EndGlobal
