
Microsoft Visual Studio Solution File, Format Version 12.00
# Visual Studio Version 16
VisualStudioVersion = 16.0.31702.278
MinimumVisualStudioVersion = 10.0.40219.1
Project("{FAE04EC0-301F-11D3-BF4B-00C04F79EFBC}") = "Encap", "Encap.csproj", "{5B0777D0-66A1-458D-8CDE-9B2C55BC1AF1}"
EndProject
Global
	GlobalSection(SolutionConfigurationPlatforms) = preSolution
		Debug|Any CPU = Debug|Any CPU
		Release|Any CPU = Release|Any CPU
	EndGlobalSection
	GlobalSection(ProjectConfigurationPlatforms) = postSolution
		{5B0777D0-66A1-458D-8CDE-9B2C55BC1AF1}.Debug|Any CPU.ActiveCfg = Debug|Any CPU
		{5B0777D0-66A1-458D-8CDE-9B2C55BC1AF1}.Debug|Any CPU.Build.0 = Debug|Any CPU
		{5B0777D0-66A1-458D-8CDE-9B2C55BC1AF1}.Release|Any CPU.ActiveCfg = Release|Any CPU
		{5B0777D0-66A1-458D-8CDE-9B2C55BC1AF1}.Release|Any CPU.Build.0 = Release|Any CPU
	EndGlobalSection
	GlobalSection(SolutionProperties) = preSolution
		HideSolutionNode = FALSE
	EndGlobalSection
	GlobalSection(ExtensibilityGlobals) = postSolution
		SolutionGuid = {A9424942-3E0B-4403-B5A1-32C070B17323}
	EndGlobalSection
EndGlobal
